# @generated by Move, please check-in and do not edit manually.

[move]
version = 3
manifest_digest = "557D6CC621030BC56CD40866AB85D633262775245EA33CAD564D92F3359D541D"
deps_digest = "CAFAD8A7CF51067FB4358215BECB86BD100DD64E57C2AC8A7AE7D74B688F5965"
dependencies = [
  { id = "AptosFramework", name = "AptosFramework" },
  { id = "AptosTokenObjects", name = "AptosTokenObjects" },
  { id = "Bridge", name = "Bridge" },
  { id = "DeepBook", name = "DeepBook" },
  { id = "MoveStdlib", name = "MoveStdlib" },
  { id = "Sui", name = "Sui" },
  { id = "SuiSystem", name = "SuiSystem" },
]

[[move.package]]
id = "AptosFramework"
source = { git = "https://github.com/aptos-labs/aptos-framework.git", rev = "mainnet", subdir = "aptos-framework" }

dependencies = [
  { id = "AptosStdlib", name = "AptosStdlib" },
  { id = "MoveStdlib", name = "MoveStdlib" },
]

[[move.package]]
id = "AptosStdlib"
source = { git = "https://github.com/aptos-labs/aptos-framework.git", rev = "mainnet", subdir = "aptos-stdlib" }

dependencies = [
  { id = "MoveStdlib", name = "MoveStdlib" },
]

[[move.package]]
id = "AptosTokenObjects"
source = { git = "https://github.com/aptos-labs/aptos-framework.git", rev = "mainnet", subdir = "aptos-token-objects" }

dependencies = [
  { id = "AptosFramework", name = "AptosFramework" },
  { id = "MoveStdlib", name = "MoveStdlib" },
]

[[move.package]]
id = "Bridge"
source = { git = "https://github.com/MystenLabs/sui.git", rev = "04f11afaf5e0", subdir = "crates/sui-framework/packages/bridge" }

dependencies = [
  { id = "MoveStdlib", name = "MoveStdlib" },
  { id = "Sui", name = "Sui" },
  { id = "SuiSystem", name = "SuiSystem" },
]

[[move.package]]
id = "DeepBook"
source = { git = "https://github.com/MystenLabs/sui.git", rev = "04f11afaf5e0", subdir = "crates/sui-framework/packages/deepbook" }

dependencies = [
  { id = "MoveStdlib", name = "MoveStdlib" },
  { id = "Sui", name = "Sui" },
]

[[move.package]]
id = "MoveStdlib"
source = { git = "https://github.com/MystenLabs/sui.git", rev = "04f11afaf5e0", subdir = "crates/sui-framework/packages/move-stdlib" }

[[move.package]]
id = "Sui"
source = { git = "https://github.com/MystenLabs/sui.git", rev = "04f11afaf5e0", subdir = "crates/sui-framework/packages/sui-framework" }

dependencies = [
  { id = "MoveStdlib", name = "MoveStdlib" },
]

[[move.package]]
id = "SuiSystem"
source = { git = "https://github.com/MystenLabs/sui.git", rev = "04f11afaf5e0", subdir = "crates/sui-framework/packages/sui-system" }

dependencies = [
  { id = "MoveStdlib", name = "MoveStdlib" },
  { id = "Sui", name = "Sui" },
]
